
Microsoft Visual Studio Solution File, Format Version 12.00
# Visual Studio 15
VisualStudioVersion = 15.0.28307.779
MinimumVisualStudioVersion = 10.0.40219.1
Project("{FAE04EC0-301F-11D3-BF4B-00C04F79EFBC}") = "PoscoICT", "PoscoICT\PoscoICT.csproj", "{EB76C83D-5443-4509-9088-C185F1B0F0AB}"
EndProject
Project("{FAE04EC0-301F-11D3-BF4B-00C04F79EFBC}") = "poscoict_webpage", "poscoict_webpage\poscoict_webpage.csproj", "{1A279412-98F6-4E96-8A30-5544557C3B8F}"
EndProject
Global
	GlobalSection(SolutionConfigurationPlatforms) = preSolution
		Debug|Any CPU = Debug|Any CPU
		Release|Any CPU = Release|Any CPU
	EndGlobalSection
	GlobalSection(ProjectConfigurationPlatforms) = postSolution
		{EB76C83D-5443-4509-9088-C185F1B0F0AB}.Debug|Any CPU.ActiveCfg = Debug|Any CPU
		{EB76C83D-5443-4509-9088-C185F1B0F0AB}.Debug|Any CPU.Build.0 = Debug|Any CPU
		{EB76C83D-5443-4509-9088-C185F1B0F0AB}.Release|Any CPU.ActiveCfg = Release|Any CPU
		{EB76C83D-5443-4509-9088-C185F1B0F0AB}.Release|Any CPU.Build.0 = Release|Any CPU
		{1A279412-98F6-4E96-8A30-5544557C3B8F}.Debug|Any CPU.ActiveCfg = Debug|Any CPU
		{1A279412-98F6-4E96-8A30-5544557C3B8F}.Debug|Any CPU.Build.0 = Debug|Any CPU
		{1A279412-98F6-4E96-8A30-5544557C3B8F}.Release|Any CPU.ActiveCfg = Release|Any CPU
		{1A279412-98F6-4E96-8A30-5544557C3B8F}.Release|Any CPU.Build.0 = Release|Any CPU
	EndGlobalSection
	GlobalSection(SolutionProperties) = preSolution
		HideSolutionNode = FALSE
	EndGlobalSection
	GlobalSection(ExtensibilityGlobals) = postSolution
		SolutionGuid = {DF3C9A7C-585B-4B85-A269-BE5BD4114F86}
	EndGlobalSection
EndGlobal
